
Microsoft Visual Studio Solution File, Format Version 12.00
# Visual Studio 15
VisualStudioVersion = 15.0.27130.2036
MinimumVisualStudioVersion = 10.0.40219.1
Project("{FAE04EC0-301F-11D3-BF4B-00C04F79EFBC}") = "ContactMgmt", "ContactMgmt\ContactMgmt.csproj", "{1BED830F-66BE-495A-8B15-750E164790F2}"
EndProject
Project("{FAE04EC0-301F-11D3-BF4B-00C04F79EFBC}") = "ContactMgmtCommon", "ContactMgmtCommon\ContactMgmtCommon.csproj", "{DE3663BE-D3C4-4B8A-9376-48644BA7F881}"
EndProject
Project("{FAE04EC0-301F-11D3-BF4B-00C04F79EFBC}") = "ContactMgmtService", "ContactMgmtSerivce\ContactMgmtService.csproj", "{1801418F-71FB-4578-8740-14467872A9B1}"
EndProject
Project("{FAE04EC0-301F-11D3-BF4B-00C04F79EFBC}") = "UnitTestProject1", "UnitTestProject1\UnitTestProject1.csproj", "{4C888C1F-8FEA-4A7E-8D4F-D403F2F8376E}"
EndProject
Global
	GlobalSection(SolutionConfigurationPlatforms) = preSolution
		Debug|Any CPU = Debug|Any CPU
		Release|Any CPU = Release|Any CPU
	EndGlobalSection
	GlobalSection(ProjectConfigurationPlatforms) = postSolution
		{1BED830F-66BE-495A-8B15-750E164790F2}.Debug|Any CPU.ActiveCfg = Debug|Any CPU
		{1BED830F-66BE-495A-8B15-750E164790F2}.Debug|Any CPU.Build.0 = Debug|Any CPU
		{1BED830F-66BE-495A-8B15-750E164790F2}.Release|Any CPU.ActiveCfg = Release|Any CPU
		{1BED830F-66BE-495A-8B15-750E164790F2}.Release|Any CPU.Build.0 = Release|Any CPU
		{DE3663BE-D3C4-4B8A-9376-48644BA7F881}.Debug|Any CPU.ActiveCfg = Debug|Any CPU
		{DE3663BE-D3C4-4B8A-9376-48644BA7F881}.Debug|Any CPU.Build.0 = Debug|Any CPU
		{DE3663BE-D3C4-4B8A-9376-48644BA7F881}.Release|Any CPU.ActiveCfg = Release|Any CPU
		{DE3663BE-D3C4-4B8A-9376-48644BA7F881}.Release|Any CPU.Build.0 = Release|Any CPU
		{1801418F-71FB-4578-8740-14467872A9B1}.Debug|Any CPU.ActiveCfg = Debug|Any CPU
		{1801418F-71FB-4578-8740-14467872A9B1}.Debug|Any CPU.Build.0 = Debug|Any CPU
		{1801418F-71FB-4578-8740-14467872A9B1}.Release|Any CPU.ActiveCfg = Release|Any CPU
		{1801418F-71FB-4578-8740-14467872A9B1}.Release|Any CPU.Build.0 = Release|Any CPU
		{4C888C1F-8FEA-4A7E-8D4F-D403F2F8376E}.Debug|Any CPU.ActiveCfg = Debug|Any CPU
		{4C888C1F-8FEA-4A7E-8D4F-D403F2F8376E}.Debug|Any CPU.Build.0 = Debug|Any CPU
		{4C888C1F-8FEA-4A7E-8D4F-D403F2F8376E}.Release|Any CPU.ActiveCfg = Release|Any CPU
		{4C888C1F-8FEA-4A7E-8D4F-D403F2F8376E}.Release|Any CPU.Build.0 = Release|Any CPU
	EndGlobalSection
	GlobalSection(SolutionProperties) = preSolution
		HideSolutionNode = FALSE
	EndGlobalSection
	GlobalSection(ExtensibilityGlobals) = postSolution
		SolutionGuid = {6084DAAF-F94E-4E22-A737-5F84E5A8DD8C}
	EndGlobalSection
EndGlobal
